
Microsoft Visual Studio Solution File, Format Version 12.00
# Visual Studio Version 17
VisualStudioVersion = 17.9.34622.214
MinimumVisualStudioVersion = 10.0.40219.1
Project("{FAE04EC0-301F-11D3-BF4B-00C04F79EFBC}") = "FolderRemark", "FolderRemark.csproj", "{90A727DC-16E3-4705-BC39-34849C63BA75}"
EndProject
Global
	GlobalSection(SolutionConfigurationPlatforms) = preSolution
		Debug|Any CPU = Debug|Any CPU
		Release|Any CPU = Release|Any CPU
	EndGlobalSection
	GlobalSection(ProjectConfigurationPlatforms) = postSolution
		{90A727DC-16E3-4705-BC39-34849C63BA75}.Debug|Any CPU.ActiveCfg = Debug|Any CPU
		{90A727DC-16E3-4705-BC39-34849C63BA75}.Debug|Any CPU.Build.0 = Debug|Any CPU
		{90A727DC-16E3-4705-BC39-34849C63BA75}.Release|Any CPU.ActiveCfg = Release|Any CPU
		{90A727DC-16E3-4705-BC39-34849C63BA75}.Release|Any CPU.Build.0 = Release|Any CPU
	EndGlobalSection
	GlobalSection(SolutionProperties) = preSolution
		HideSolutionNode = FALSE
	EndGlobalSection
	GlobalSection(ExtensibilityGlobals) = postSolution
		SolutionGuid = {D2C5983F-273C-48C4-8DD2-F23C6AD3F113}
	EndGlobalSection
EndGlobal
